{
  "version": 4,
  "terraform_version": "1.6.0",
  "serial": 102,
  "lineage": "858e7300-2c0b-4763-643c-d0713f157de8",
  "outputs": {
    "asg_name": {
      "value": "percona-test-percona-2026011814564138460000000a",
      "type": "string"
    },
    "dynamodb_table_name": {
      "value": "percona-test-percona-locks",
      "type": "string"
    },
    "nlb_dns_name": {
      "value": "prc-20260118145555588300000001-67b0864df89c3a83.elb.us-west-1.amazonaws.com",
      "type": "string"
    },
    "read_target_group_arn": {
      "value": "arn:aws:elasticloadbalancing:us-west-1:303467602807:targetgroup/read-20260118145555588400000002/3b701c41644cb3b9",
      "type": "string"
    },
    "s3_bucket_name": {
      "value": "percona-test-percona-backups-20260118145555593300000006",
      "type": "string"
    },
    "write_target_group_arn": {
      "value": "arn:aws:elasticloadbalancing:us-west-1:303467602807:targetgroup/write-20260118145555588400000003/4780b2ed1906e7d2",
      "type": "string"
    }
  },
  "resources": [
    {
      "mode": "data",
      "type": "aws_availability_zones",
      "name": "available",
      "provider": "provider[\"registry.terraform.io/hashicorp/aws\"]",
      "instances": [
        {
          "schema_version": 0,
          "attributes": {
            "all_availability_zones": null,
            "exclude_names": null,
            "exclude_zone_ids": null,
            "filter": null,
            "group_names": [
              "us-west-1-zg-1"
            ],
            "id": "us-west-1",
            "names": [
              "us-west-1b",
              "us-west-1c"
            ],
            "region": "us-west-1",
            "state": "available",
            "timeouts": null,
            "zone_ids": [
              "usw1-az3",
              "usw1-az1"
            ]
          },
          "sensitive_attributes": []
        }
      ]
    },
    {
      "module": "module.percona-server",
      "mode": "data",
      "type": "aws_ami",
      "name": "selected",
      "provider": "provider[\"registry.terraform.io/hashicorp/aws\"]",
      "instances": [
        {
          "schema_version": 0,
          "attributes": {
            "allow_unsafe_filter": null,
            "architecture": "x86_64",
            "arn": "arn:aws:ec2:us-west-1::image/ami-0e9b1bcfa1f0ad4bb",
            "block_device_mappings": [
              {
                "device_name": "/dev/sda1",
                "ebs": {
                  "delete_on_termination": "true",
                  "encrypted": "false",
                  "iops": "0",
                  "snapshot_id": "snap-04c38ccea6f5c663d",
                  "throughput": "0",
                  "volume_initialization_rate": "0",
                  "volume_size": "8",
                  "volume_type": "gp3"
                },
                "no_device": "",
                "virtual_name": ""
              },
              {
                "device_name": "/dev/sdb",
                "ebs": {},
                "no_device": "",
                "virtual_name": "ephemeral0"
              },
              {
                "device_name": "/dev/sdc",
                "ebs": {},
                "no_device": "",
                "virtual_name": "ephemeral1"
              }
            ],
            "boot_mode": "uefi-preferred",
            "creation_date": "2025-12-10T10:51:42.000Z",
            "deprecation_time": "2027-12-10T10:51:42.000Z",
            "description": "Canonical, Ubuntu Server Pro, 24.04 LTS, amd64 noble image",
            "ena_support": true,
            "executable_users": null,
            "filter": [
              {
                "name": "image-id",
                "values": [
                  "ami-0e9b1bcfa1f0ad4bb"
                ]
              }
            ],
            "hypervisor": "xen",
            "id": "ami-0e9b1bcfa1f0ad4bb",
            "image_id": "ami-0e9b1bcfa1f0ad4bb",
            "image_location": "amazon/ubuntu-pro-server/images/hvm-ssd-gp3/ubuntu-noble-24.04-amd64-pro-server-20251210",
            "image_owner_alias": "amazon",
            "image_type": "machine",
            "imds_support": "v2.0",
            "include_deprecated": false,
            "kernel_id": "",
            "last_launched_time": "",
            "most_recent": false,
            "name": "ubuntu-pro-server/images/hvm-ssd-gp3/ubuntu-noble-24.04-amd64-pro-server-20251210",
            "name_regex": null,
            "owner_id": "099720109477",
            "owners": null,
            "platform": "",
            "platform_details": "Ubuntu Pro Linux",
            "product_codes": [],
            "public": true,
            "ramdisk_id": "",
            "region": "us-west-1",
            "root_device_name": "/dev/sda1",
            "root_device_type": "ebs",
            "root_snapshot_id": "snap-04c38ccea6f5c663d",
            "sriov_net_support": "simple",
            "state": "available",
            "state_reason": {
              "code": "UNSET",
              "message": "UNSET"
            },
            "tags": {},
            "timeouts": null,
            "tpm_support": "",
            "uefi_data": null,
            "usage_operation": "RunInstances:0g00",
            "virtualization_type": "hvm"
          },
          "sensitive_attributes": []
        }
      ]
    },
    {
      "module": "module.percona-server",
      "mode": "data",
      "type": "aws_ami",
      "name": "ubuntu",
      "provider": "provider[\"registry.terraform.io/hashicorp/aws\"]",
      "instances": [
        {
          "index_key": 0,
          "schema_version": 0,
          "attributes": {
            "allow_unsafe_filter": null,
            "architecture": "x86_64",
            "arn": "arn:aws:ec2:us-west-1::image/ami-0e9b1bcfa1f0ad4bb",
            "block_device_mappings": [
              {
                "device_name": "/dev/sda1",
                "ebs": {
                  "delete_on_termination": "true",
                  "encrypted": "false",
                  "iops": "0",
                  "snapshot_id": "snap-04c38ccea6f5c663d",
                  "throughput": "0",
                  "volume_initialization_rate": "0",
                  "volume_size": "8",
                  "volume_type": "gp3"
                },
                "no_device": "",
                "virtual_name": ""
              },
              {
                "device_name": "/dev/sdb",
                "ebs": {},
                "no_device": "",
                "virtual_name": "ephemeral0"
              },
              {
                "device_name": "/dev/sdc",
                "ebs": {},
                "no_device": "",
                "virtual_name": "ephemeral1"
              }
            ],
            "boot_mode": "uefi-preferred",
            "creation_date": "2025-12-10T10:51:42.000Z",
            "deprecation_time": "2027-12-10T10:51:42.000Z",
            "description": "Canonical, Ubuntu Server Pro, 24.04 LTS, amd64 noble image",
            "ena_support": true,
            "executable_users": null,
            "filter": [
              {
                "name": "architecture",
                "values": [
                  "x86_64"
                ]
              },
              {
                "name": "name",
                "values": [
                  "ubuntu-pro-server/images/hvm-ssd-gp3/ubuntu-noble-*"
                ]
              },
              {
                "name": "state",
                "values": [
                  "available"
                ]
              },
              {
                "name": "virtualization-type",
                "values": [
                  "hvm"
                ]
              }
            ],
            "hypervisor": "xen",
            "id": "ami-0e9b1bcfa1f0ad4bb",
            "image_id": "ami-0e9b1bcfa1f0ad4bb",
            "image_location": "amazon/ubuntu-pro-server/images/hvm-ssd-gp3/ubuntu-noble-24.04-amd64-pro-server-20251210",
            "image_owner_alias": "amazon",
            "image_type": "machine",
            "imds_support": "v2.0",
            "include_deprecated": false,
            "kernel_id": "",
            "last_launched_time": "",
            "most_recent": true,
            "name": "ubuntu-pro-server/images/hvm-ssd-gp3/ubuntu-noble-24.04-amd64-pro-server-20251210",
            "name_regex": null,
            "owner_id": "099720109477",
            "owners": [
              "099720109477"
            ],
            "platform": "",
            "platform_details": "Ubuntu Pro Linux",
            "product_codes": [],
            "public": true,
            "ramdisk_id": "",
            "region": "us-west-1",
            "root_device_name": "/dev/sda1",
            "root_device_type": "ebs",
            "root_snapshot_id": "snap-04c38ccea6f5c663d",
            "sriov_net_support": "simple",
            "state": "available",
            "state_reason": {
              "code": "UNSET",
              "message": "UNSET"
            },
            "tags": {},
            "timeouts": null,
            "tpm_support": "",
            "uefi_data": null,
            "usage_operation": "RunInstances:0g00",
            "virtualization_type": "hvm"
          },
          "sensitive_attributes": []
        }
      ]
    },
    {
      "module": "module.percona-server",
      "mode": "data",
      "type": "aws_caller_identity",
      "name": "current",
      "provider": "provider[\"registry.terraform.io/hashicorp/aws\"]",
      "instances": [
        {
          "schema_version": 0,
          "attributes": {
            "account_id": "303467602807",
            "arn": "arn:aws:sts::303467602807:assumed-role/percona-server-tester/aws-go-sdk-1768748151773552212",
            "id": "303467602807",
            "user_id": "AROAUNKAUEN32HZWDBEBV:aws-go-sdk-1768748151773552212"
          },
          "sensitive_attributes": []
        }
      ]
    },
    {
      "module": "module.percona-server",
      "mode": "data",
      "type": "aws_ec2_instance_type",
      "name": "selected",
      "provider": "provider[\"registry.terraform.io/hashicorp/aws\"]",
      "instances": [
        {
          "schema_version": 0,
          "attributes": {
            "auto_recovery_supported": true,
            "bandwidth_weightings": [],
            "bare_metal": false,
            "boot_modes": [
              "legacy-bios",
              "uefi"
            ],
            "burstable_performance_supported": true,
            "current_generation": true,
            "dedicated_hosts_supported": true,
            "default_cores": 1,
            "default_network_card_index": 0,
            "default_threads_per_core": 2,
            "default_vcpus": 2,
            "ebs_encryption_support": "supported",
            "ebs_nvme_support": "required",
            "ebs_optimized_support": "default",
            "ebs_performance_baseline_bandwidth": 347,
            "ebs_performance_baseline_iops": 2000,
            "ebs_performance_baseline_throughput": 43.375,
            "ebs_performance_maximum_bandwidth": 2085,
            "ebs_performance_maximum_iops": 11800,
            "ebs_performance_maximum_throughput": 260.625,
            "efa_maximum_interfaces": null,
            "efa_supported": false,
            "ena_srd_supported": false,
            "ena_support": "required",
            "encryption_in_transit_supported": false,
            "fpgas": [],
            "free_tier_eligible": false,
            "gpus": [],
            "hibernation_supported": true,
            "hypervisor": "nitro",
            "id": "t3.medium",
            "inference_accelerators": [],
            "instance_disks": [],
            "instance_storage_supported": false,
            "instance_type": "t3.medium",
            "ipv6_supported": true,
            "maximum_ipv4_addresses_per_interface": 6,
            "maximum_ipv6_addresses_per_interface": 6,
            "maximum_network_cards": 1,
            "maximum_network_interfaces": 3,
            "media_accelerators": [],
            "memory_size": 4096,
            "network_cards": [
              {
                "baseline_bandwidth": 0.256,
                "index": 0,
                "maximum_interfaces": 3,
                "peak_bandwidth": 5,
                "performance": "Up to 5 Gigabit"
              }
            ],
            "network_performance": "Up to 5 Gigabit",
            "neuron_devices": [],
            "nitro_enclaves_support": "unsupported",
            "nitro_tpm_support": "supported",
            "nitro_tpm_supported_versions": [
              "2.0"
            ],
            "phc_support": "unsupported",
            "region": "us-west-1",
            "supported_architectures": [
              "x86_64"
            ],
            "supported_cpu_features": [],
            "supported_placement_strategies": [
              "partition",
              "spread"
            ],
            "supported_root_device_types": [
              "ebs"
            ],
            "supported_usages_classes": [
              "on-demand",
              "spot"
            ],
            "supported_virtualization_types": [
              "hvm"
            ],
            "sustained_clock_speed": 2.5,
            "timeouts": null,
            "total_fpga_memory": null,
            "total_gpu_memory": null,
            "total_inference_memory": null,
            "total_instance_storage": null,
            "total_media_memory": null,
            "total_neuron_device_memory": null,
            "valid_cores": [
              1
            ],
            "valid_threads_per_core": [
              1,
              2
            ]
          },
          "sensitive_attributes": []
        }
      ]
    },
    {
      "module": "module.percona-server",
      "mode": "data",
      "type": "aws_iam_policy_document",
      "name": "percona",
      "provider": "provider[\"registry.terraform.io/hashicorp/aws\"]",
      "instances": [
        {
          "schema_version": 0,
          "attributes": {
            "id": "342321705",
            "json": "{\n  \"Version\": \"2012-10-17\",\n  \"Statement\": [\n    {\n      \"Sid\": \"DynamoDB\",\n      \"Effect\": \"Allow\",\n      \"Action\": [\n        \"dynamodb:UpdateItem\",\n        \"dynamodb:Scan\",\n        \"dynamodb:Query\",\n        \"dynamodb:PutItem\",\n        \"dynamodb:GetItem\",\n        \"dynamodb:DeleteItem\"\n      ],\n      \"Resource\": \"arn:aws:dynamodb:us-west-1:303467602807:table/percona-test-percona-locks\"\n    },\n    {\n      \"Sid\": \"S3\",\n      \"Effect\": \"Allow\",\n      \"Action\": [\n        \"s3:PutObject\",\n        \"s3:ListBucket\",\n        \"s3:GetObject\",\n        \"s3:DeleteObject\"\n      ],\n      \"Resource\": [\n        \"arn:aws:s3:::percona-test-percona-backups-20260118145555593300000006/*\",\n        \"arn:aws:s3:::percona-test-percona-backups-20260118145555593300000006\"\n      ]\n    },\n    {\n      \"Sid\": \"AutoScaling\",\n      \"Effect\": \"Allow\",\n      \"Action\": [\n        \"autoscaling:SetInstanceProtection\",\n        \"autoscaling:DescribeAutoScalingInstances\"\n      ],\n      \"Resource\": \"*\"\n    },\n    {\n      \"Sid\": \"ELB\",\n      \"Effect\": \"Allow\",\n      \"Action\": [\n        \"elasticloadbalancing:RegisterTargets\",\n        \"elasticloadbalancing:DescribeTargetHealth\",\n        \"elasticloadbalancing:DeregisterTargets\"\n      ],\n      \"Resource\": [\n        \"arn:aws:elasticloadbalancing:us-west-1:303467602807:targetgroup/write-20260118145555588400000003/4780b2ed1906e7d2\",\n        \"arn:aws:elasticloadbalancing:us-west-1:303467602807:targetgroup/read-20260118145555588400000002/3b701c41644cb3b9\"\n      ]\n    },\n    {\n      \"Sid\": \"EC2Describe\",\n      \"Effect\": \"Allow\",\n      \"Action\": [\n        \"ec2:DescribeTags\",\n        \"ec2:DescribeInstances\"\n      ],\n      \"Resource\": \"*\"\n    }\n  ]\n}",
            "minified_json": "{\"Version\":\"2012-10-17\",\"Statement\":[{\"Sid\":\"DynamoDB\",\"Effect\":\"Allow\",\"Action\":[\"dynamodb:UpdateItem\",\"dynamodb:Scan\",\"dynamodb:Query\",\"dynamodb:PutItem\",\"dynamodb:GetItem\",\"dynamodb:DeleteItem\"],\"Resource\":\"arn:aws:dynamodb:us-west-1:303467602807:table/percona-test-percona-locks\"},{\"Sid\":\"S3\",\"Effect\":\"Allow\",\"Action\":[\"s3:PutObject\",\"s3:ListBucket\",\"s3:GetObject\",\"s3:DeleteObject\"],\"Resource\":[\"arn:aws:s3:::percona-test-percona-backups-20260118145555593300000006/*\",\"arn:aws:s3:::percona-test-percona-backups-20260118145555593300000006\"]},{\"Sid\":\"AutoScaling\",\"Effect\":\"Allow\",\"Action\":[\"autoscaling:SetInstanceProtection\",\"autoscaling:DescribeAutoScalingInstances\"],\"Resource\":\"*\"},{\"Sid\":\"ELB\",\"Effect\":\"Allow\",\"Action\":[\"elasticloadbalancing:RegisterTargets\",\"elasticloadbalancing:DescribeTargetHealth\",\"elasticloadbalancing:DeregisterTargets\"],\"Resource\":[\"arn:aws:elasticloadbalancing:us-west-1:303467602807:targetgroup/write-20260118145555588400000003/4780b2ed1906e7d2\",\"arn:aws:elasticloadbalancing:us-west-1:303467602807:targetgroup/read-20260118145555588400000002/3b701c41644cb3b9\"]},{\"Sid\":\"EC2Describe\",\"Effect\":\"Allow\",\"Action\":[\"ec2:DescribeTags\",\"ec2:DescribeInstances\"],\"Resource\":\"*\"}]}",
            "override_json": null,
            "override_policy_documents": null,
            "policy_id": null,
            "source_json": null,
            "source_policy_documents": null,
            "statement": [
              {
                "actions": [
                  "dynamodb:DeleteItem",
                  "dynamodb:GetItem",
                  "dynamodb:PutItem",
                  "dynamodb:Query",
                  "dynamodb:Scan",
                  "dynamodb:UpdateItem"
                ],
                "condition": [],
                "effect": "Allow",
                "not_actions": [],
                "not_principals": [],
                "not_resources": [],
                "principals": [],
                "resources": [
                  "arn:aws:dynamodb:us-west-1:303467602807:table/percona-test-percona-locks"
                ],
                "sid": "DynamoDB"
              },
              {
                "actions": [
                  "s3:DeleteObject",
                  "s3:GetObject",
                  "s3:ListBucket",
                  "s3:PutObject"
                ],
                "condition": [],
                "effect": "Allow",
                "not_actions": [],
                "not_principals": [],
                "not_resources": [],
                "principals": [],
                "resources": [
                  "arn:aws:s3:::percona-test-percona-backups-20260118145555593300000006",
                  "arn:aws:s3:::percona-test-percona-backups-20260118145555593300000006/*"
                ],
                "sid": "S3"
              },
              {
                "actions": [
                  "autoscaling:DescribeAutoScalingInstances",
                  "autoscaling:SetInstanceProtection"
                ],
                "condition": [],
                "effect": "Allow",
                "not_actions": [],
                "not_principals": [],
                "not_resources": [],
                "principals": [],
                "resources": [
                  "*"
                ],
                "sid": "AutoScaling"
              },
              {
                "actions": [
                  "elasticloadbalancing:DeregisterTargets",
                  "elasticloadbalancing:DescribeTargetHealth",
                  "elasticloadbalancing:RegisterTargets"
                ],
                "condition": [],
                "effect": "Allow",
                "not_actions": [],
                "not_principals": [],
                "not_resources": [],
                "principals": [],
                "resources": [
                  "arn:aws:elasticloadbalancing:us-west-1:303467602807:targetgroup/read-20260118145555588400000002/3b701c41644cb3b9",
                  "arn:aws:elasticloadbalancing:us-west-1:303467602807:targetgroup/write-20260118145555588400000003/4780b2ed1906e7d2"
                ],
                "sid": "ELB"
              },
              {
                "actions": [
                  "ec2:DescribeInstances",
                  "ec2:DescribeTags"
                ],
                "condition": [],
                "effect": "Allow",
                "not_actions": [],
                "not_principals": [],
                "not_resources": [],
                "principals": [],
                "resources": [
                  "*"
                ],
                "sid": "EC2Describe"
              }
            ],
            "version": "2012-10-17"
          },
          "sensitive_attributes": []
        }
      ]
    },
    {
      "module": "module.percona-server",
      "mode": "data",
      "type": "aws_region",
      "name": "current",
      "provider": "provider[\"registry.terraform.io/hashicorp/aws\"]",
      "instances": [
        {
          "schema_version": 0,
          "attributes": {
            "description": "US West (N. California)",
            "endpoint": "ec2.us-west-1.amazonaws.com",
            "id": "us-west-1",
            "name": "us-west-1",
            "region": "us-west-1"
          },
          "sensitive_attributes": []
        }
      ]
    },
    {
      "module": "module.percona-server",
      "mode": "data",
      "type": "aws_subnet",
      "name": "selected",
      "provider": "provider[\"registry.terraform.io/hashicorp/aws\"]",
      "instances": [
        {
          "schema_version": 0,
          "attributes": {
            "arn": "arn:aws:ec2:us-west-1:303467602807:subnet/subnet-01e551bf5e4eb6b57",
            "assign_ipv6_address_on_creation": false,
            "availability_zone": "us-west-1b",
            "availability_zone_id": "usw1-az3",
            "available_ip_address_count": 251,
            "cidr_block": "10.1.100.0/24",
            "customer_owned_ipv4_pool": "",
            "default_for_az": false,
            "enable_dns64": false,
            "enable_lni_at_device_index": 0,
            "enable_resource_name_dns_a_record_on_launch": false,
            "enable_resource_name_dns_aaaa_record_on_launch": false,
            "filter": null,
            "id": "subnet-01e551bf5e4eb6b57",
            "ipv6_cidr_block": "",
            "ipv6_cidr_block_association_id": "",
            "ipv6_native": false,
            "map_customer_owned_ip_on_launch": false,
            "map_public_ip_on_launch": false,
            "outpost_arn": "",
            "owner_id": "303467602807",
            "private_dns_hostname_type_on_launch": "ip-name",
            "region": "us-west-1",
            "state": "available",
            "tags": {
              "Name": "service-network: private 10.1.100.0/24",
              "created_by_fixture": "infrahouse/pytest-infrahouse/service-network",
              "created_by_module": "infrahouse/service-network/aws",
              "created_by_test": "terraform-aws-percona-server",
              "environment": "development",
              "management": "true",
              "service": "service-network"
            },
            "timeouts": null,
            "vpc_id": "vpc-0d92c782716242ac9"
          },
          "sensitive_attributes": []
        }
      ]
    },
    {
      "module": "module.percona-server",
      "mode": "data",
      "type": "aws_vpc",
      "name": "selected",
      "provider": "provider[\"registry.terraform.io/hashicorp/aws\"]",
      "instances": [
        {
          "schema_version": 0,
          "attributes": {
            "arn": "arn:aws:ec2:us-west-1:303467602807:vpc/vpc-0d92c782716242ac9",
            "cidr_block": "10.1.0.0/16",
            "cidr_block_associations": [
              {
                "association_id": "vpc-cidr-assoc-03babd25f4ed69c24",
                "cidr_block": "10.1.0.0/16",
                "state": "associated"
              }
            ],
            "default": false,
            "dhcp_options_id": "dopt-0399557d793bdc270",
            "enable_dns_hostnames": true,
            "enable_dns_support": true,
            "enable_network_address_usage_metrics": false,
            "filter": null,
            "id": "vpc-0d92c782716242ac9",
            "instance_tenancy": "default",
            "ipv6_association_id": "",
            "ipv6_cidr_block": "",
            "main_route_table_id": "rtb-01bb12ffc6af32401",
            "owner_id": "303467602807",
            "region": "us-west-1",
            "state": null,
            "tags": {
              "Name": "VPC for service-network (development) 10.1.0.0/16",
              "created_by_fixture": "infrahouse/pytest-infrahouse/service-network",
              "created_by_module": "infrahouse/service-network/aws",
              "created_by_test": "terraform-aws-percona-server",
              "environment": "development",
              "management": "true",
              "module_version": "3.2.2",
              "service": "service-network"
            },
            "timeouts": null
          },
          "sensitive_attributes": []
        }
      ]
    },
    {
      "module": "module.percona-server",
      "mode": "managed",
      "type": "aws_autoscaling_group",
      "name": "percona",
      "provider": "provider[\"registry.terraform.io/hashicorp/aws\"]",
      "instances": [
        {
          "schema_version": 1,
          "attributes": {
            "arn": "arn:aws:autoscaling:us-west-1:303467602807:autoScalingGroup:3b79ca33-625c-4fa3-a2b7-10e5c04d8fd4:autoScalingGroupName/percona-test-percona-2026011814564138460000000a",
            "availability_zone_distribution": [
              {
                "capacity_distribution_strategy": "balanced-best-effort"
              }
            ],
            "availability_zones": [
              "us-west-1b",
              "us-west-1c"
            ],
            "capacity_rebalance": false,
            "capacity_reservation_specification": [
              {
                "capacity_reservation_preference": "default",
                "capacity_reservation_target": []
              }
            ],
            "context": "",
            "default_cooldown": 300,
            "default_instance_warmup": 0,
            "desired_capacity": 3,
            "desired_capacity_type": "",
            "enabled_metrics": null,
            "force_delete": false,
            "force_delete_warm_pool": false,
            "health_check_grace_period": 300,
            "health_check_type": "ELB",
            "id": "percona-test-percona-2026011814564138460000000a",
            "ignore_failed_scaling_activities": false,
            "initial_lifecycle_hook": [],
            "instance_maintenance_policy": [],
            "instance_refresh": [
              {
                "preferences": [
                  {
                    "alarm_specification": [],
                    "auto_rollback": false,
                    "checkpoint_delay": "",
                    "checkpoint_percentages": null,
                    "instance_warmup": "",
                    "max_healthy_percentage": 100,
                    "min_healthy_percentage": 66,
                    "scale_in_protected_instances": "Ignore",
                    "skip_matching": false,
                    "standby_instances": "Ignore"
                  }
                ],
                "strategy": "Rolling",
                "triggers": null
              }
            ],
            "launch_configuration": "",
            "launch_template": [
              {
                "id": "lt-03edb5741749223c3",
                "name": "percona-test-percona-20260118145634910300000007",
                "version": "$Latest"
              }
            ],
            "load_balancers": [],
            "max_instance_lifetime": 0,
            "max_size": 3,
            "metrics_granularity": "1Minute",
            "min_elb_capacity": null,
            "min_size": 3,
            "mixed_instances_policy": [],
            "name": "percona-test-percona-2026011814564138460000000a",
            "name_prefix": "percona-test-percona-",
            "placement_group": "",
            "predicted_capacity": 0,
            "protect_from_scale_in": false,
            "region": "us-west-1",
            "service_linked_role_arn": "arn:aws:iam::303467602807:role/aws-service-role/autoscaling.amazonaws.com/AWSServiceRoleForAutoScaling",
            "suspended_processes": null,
            "tag": [
              {
                "key": "Name",
                "propagate_at_launch": true,
                "value": "percona-test-percona-instance"
              },
              {
                "key": "cluster_id",
                "propagate_at_launch": true,
                "value": "test-percona"
              },
              {
                "key": "created_by_module",
                "propagate_at_launch": true,
                "value": "infrahouse/percona-server/aws"
              },
              {
                "key": "environment",
                "propagate_at_launch": true,
                "value": "development"
              },
              {
                "key": "percona:asg_name",
                "propagate_at_launch": true,
                "value": "percona-test-percona-asg"
              },
              {
                "key": "percona:cluster_id",
                "propagate_at_launch": true,
                "value": "test-percona"
              },
              {
                "key": "percona:dynamodb_table",
                "propagate_at_launch": true,
                "value": "percona-test-percona-locks"
              },
              {
                "key": "percona:instance_count",
                "propagate_at_launch": true,
                "value": "3"
              },
              {
                "key": "percona:luks_key_arn",
                "propagate_at_launch": true,
                "value": ""
              },
              {
                "key": "percona:read_tg_arn",
                "propagate_at_launch": true,
                "value": "arn:aws:elasticloadbalancing:us-west-1:303467602807:targetgroup/read-20260118145555588400000002/3b701c41644cb3b9"
              },
              {
                "key": "percona:s3_bucket",
                "propagate_at_launch": true,
                "value": "percona-test-percona-backups-20260118145555593300000006"
              },
              {
                "key": "percona:storage_count",
                "propagate_at_launch": true,
                "value": "0"
              },
              {
                "key": "percona:storage_size_gb",
                "propagate_at_launch": true,
                "value": "100"
              },
              {
                "key": "percona:storage_type",
                "propagate_at_launch": true,
                "value": "ebs"
              },
              {
                "key": "percona:write_tg_arn",
                "propagate_at_launch": true,
                "value": "arn:aws:elasticloadbalancing:us-west-1:303467602807:targetgroup/write-20260118145555588400000003/4780b2ed1906e7d2"
              }
            ],
            "target_group_arns": [
              "arn:aws:elasticloadbalancing:us-west-1:303467602807:targetgroup/read-20260118145555588400000002/3b701c41644cb3b9"
            ],
            "termination_policies": null,
            "timeouts": null,
            "traffic_source": [
              {
                "identifier": "arn:aws:elasticloadbalancing:us-west-1:303467602807:targetgroup/read-20260118145555588400000002/3b701c41644cb3b9",
                "type": "elbv2"
              }
            ],
            "vpc_zone_identifier": [
              "subnet-01e551bf5e4eb6b57",
              "subnet-0ebe8a46542652766"
            ],
            "wait_for_capacity_timeout": "10m",
            "wait_for_elb_capacity": null,
            "warm_pool": [],
            "warm_pool_size": 0
          },
          "sensitive_attributes": [],
          "private": "eyJlMmJmYjczMC1lY2FhLTExZTYtOGY4OC0zNDM2M2JjN2M0YzAiOnsiZGVsZXRlIjo2MDAwMDAwMDAwMDAsInVwZGF0ZSI6NjAwMDAwMDAwMDAwfSwic2NoZW1hX3ZlcnNpb24iOiIxIn0=",
          "dependencies": [
            "module.percona-server.aws_dynamodb_table.percona",
            "module.percona-server.aws_launch_template.percona",
            "module.percona-server.aws_lb_target_group.read",
            "module.percona-server.aws_lb_target_group.write",
            "module.percona-server.aws_security_group.percona",
            "module.percona-server.data.aws_ami.selected",
            "module.percona-server.data.aws_ami.ubuntu",
            "module.percona-server.data.aws_ec2_instance_type.selected",
            "module.percona-server.data.aws_iam_policy_document.percona",
            "module.percona-server.data.aws_subnet.selected",
            "module.percona-server.data.aws_vpc.selected",
            "module.percona-server.module.backups.aws_s3_bucket.this",
            "module.percona-server.module.instance_profile.aws_iam_instance_profile.profile",
            "module.percona-server.module.instance_profile.aws_iam_policy.profile",
            "module.percona-server.module.instance_profile.aws_iam_role.profile",
            "module.percona-server.module.instance_profile.aws_iam_role_policy_attachment.extra",
            "module.percona-server.module.instance_profile.aws_iam_role_policy_attachment.profile",
            "module.percona-server.module.instance_profile.aws_iam_role_policy_attachment.ssm",
            "module.percona-server.module.instance_profile.data.aws_iam_policy.ssm",
            "module.percona-server.module.instance_profile.data.aws_iam_policy_document.assume",
            "module.percona-server.module.luks_passphrase.aws_secretsmanager_secret.secret",
            "module.percona-server.module.luks_passphrase.data.aws_caller_identity.current",
            "module.percona-server.module.luks_passphrase.data.aws_iam_policy_document.permission-policy",
            "module.percona-server.module.luks_passphrase.data.aws_iam_role.caller_role",
            "module.percona-server.module.luks_passphrase.data.aws_iam_roles.access-analyzer"
          ],
          "create_before_destroy": true
        }
      ]
    },
    {
      "module": "module.percona-server",
      "mode": "managed",
      "type": "aws_dynamodb_table",
      "name": "percona",
      "provider": "provider[\"registry.terraform.io/hashicorp/aws\"]",
      "instances": [
        {
          "schema_version": 1,
          "attributes": {
            "arn": "arn:aws:dynamodb:us-west-1:303467602807:table/percona-test-percona-locks",
            "attribute": [
              {
                "name": "pk",
                "type": "S"
              }
            ],
            "billing_mode": "PAY_PER_REQUEST",
            "deletion_protection_enabled": false,
            "global_secondary_index": [],
            "global_table_witness": [],
            "hash_key": "pk",
            "id": "percona-test-percona-locks",
            "import_table": [],
            "local_secondary_index": [],
            "name": "percona-test-percona-locks",
            "on_demand_throughput": [],
            "point_in_time_recovery": [
              {
                "enabled": true,
                "recovery_period_in_days": 35
              }
            ],
            "range_key": null,
            "read_capacity": 0,
            "region": "us-west-1",
            "replica": [],
            "restore_date_time": null,
            "restore_source_name": null,
            "restore_source_table_arn": null,
            "restore_to_latest_time": null,
            "server_side_encryption": [
              {
                "enabled": true,
                "kms_key_arn": ""
              }
            ],
            "stream_arn": "",
            "stream_enabled": false,
            "stream_label": "",
            "stream_view_type": "",
            "table_class": "STANDARD",
            "tags": {
              "Name": "percona-test-percona-locks",
              "cluster_id": "test-percona",
              "created_by_module": "infrahouse/percona-server/aws",
              "environment": "development"
            },
            "tags_all": {
              "Name": "percona-test-percona-locks",
              "cluster_id": "test-percona",
              "created_by": "infrahouse/terraform-aws-percona-server",
              "created_by_module": "infrahouse/percona-server/aws",
              "environment": "development"
            },
            "timeouts": null,
            "ttl": [
              {
                "attribute_name": "ttl",
                "enabled": true
              }
            ],
            "warm_throughput": [],
            "write_capacity": 0
          },
          "sensitive_attributes": [],
          "private": "eyJlMmJmYjczMC1lY2FhLTExZTYtOGY4OC0zNDM2M2JjN2M0YzAiOnsiY3JlYXRlIjoxODAwMDAwMDAwMDAwLCJkZWxldGUiOjYwMDAwMDAwMDAwMCwidXBkYXRlIjozNjAwMDAwMDAwMDAwfSwic2NoZW1hX3ZlcnNpb24iOiIxIn0=",
          "create_before_destroy": true
        }
      ]
    },
    {
      "module": "module.percona-server",
      "mode": "managed",
      "type": "aws_launch_template",
      "name": "percona",
      "provider": "provider[\"registry.terraform.io/hashicorp/aws\"]",
      "instances": [
        {
          "schema_version": 1,
          "attributes": {
            "arn": "arn:aws:ec2:us-west-1:303467602807:launch-template/lt-03edb5741749223c3",
            "block_device_mappings": [
              {
                "device_name": "/dev/sda1",
                "ebs": [
                  {
                    "delete_on_termination": "true",
                    "encrypted": "true",
                    "iops": 0,
                    "kms_key_id": "",
                    "snapshot_id": "",
                    "throughput": 0,
                    "volume_initialization_rate": 0,
                    "volume_size": 100,
                    "volume_type": "gp3"
                  }
                ],
                "no_device": "",
                "virtual_name": ""
              }
            ],
            "capacity_reservation_specification": [],
            "cpu_options": [],
            "credit_specification": [],
            "default_version": 1,
            "description": "",
            "disable_api_stop": false,
            "disable_api_termination": false,
            "ebs_optimized": "",
            "enclave_options": [],
            "hibernation_options": [],
            "iam_instance_profile": [
              {
                "arn": "",
                "name": "percona-test-percona-profile"
              }
            ],
            "id": "lt-03edb5741749223c3",
            "image_id": "ami-0e9b1bcfa1f0ad4bb",
            "instance_initiated_shutdown_behavior": "",
            "instance_market_options": [],
            "instance_requirements": [],
            "instance_type": "t3.medium",
            "kernel_id": "",
            "key_name": "",
            "latest_version": 1,
            "license_specification": [],
            "maintenance_options": [],
            "metadata_options": [
              {
                "http_endpoint": "enabled",
                "http_protocol_ipv6": "",
                "http_put_response_hop_limit": 2,
                "http_tokens": "required",
                "instance_metadata_tags": "enabled"
              }
            ],
            "monitoring": [
              {
                "enabled": true
              }
            ],
            "name": "percona-test-percona-20260118145634910300000007",
            "name_prefix": "percona-test-percona-",
            "network_interfaces": [],
            "placement": [],
            "private_dns_name_options": [],
            "ram_disk_id": "",
            "region": "us-west-1",
            "security_group_names": null,
            "tag_specifications": [
              {
                "resource_type": "instance",
                "tags": {
                  "Name": "percona-test-percona-instance",
                  "cluster_id": "test-percona",
                  "created_by_module": "infrahouse/percona-server/aws",
                  "environment": "development",
                  "percona:asg_name": "percona-test-percona-asg",
                  "percona:cluster_id": "test-percona",
                  "percona:dynamodb_table": "percona-test-percona-locks",
                  "percona:instance_count": "3",
                  "percona:luks_key_arn": "",
                  "percona:read_tg_arn": "arn:aws:elasticloadbalancing:us-west-1:303467602807:targetgroup/read-20260118145555588400000002/3b701c41644cb3b9",
                  "percona:s3_bucket": "percona-test-percona-backups-20260118145555593300000006",
                  "percona:storage_count": "0",
                  "percona:storage_size_gb": "100",
                  "percona:storage_type": "ebs",
                  "percona:write_tg_arn": "arn:aws:elasticloadbalancing:us-west-1:303467602807:targetgroup/write-20260118145555588400000003/4780b2ed1906e7d2"
                }
              },
              {
                "resource_type": "volume",
                "tags": {
                  "Name": "percona-test-percona-volume",
                  "cluster_id": "test-percona",
                  "created_by_module": "infrahouse/percona-server/aws",
                  "environment": "development"
                }
              }
            ],
            "tags": {
              "Name": "percona-test-percona-lt",
              "cluster_id": "test-percona",
              "created_by_module": "infrahouse/percona-server/aws",
              "environment": "development"
            },
            "tags_all": {
              "Name": "percona-test-percona-lt",
              "cluster_id": "test-percona",
              "created_by": "infrahouse/terraform-aws-percona-server",
              "created_by_module": "infrahouse/percona-server/aws",
              "environment": "development"
            },
            "update_default_version": null,
            "user_data": "",
            "vpc_security_group_ids": [
              "sg-02a802ce4bfdb610c"
            ]
          },
          "sensitive_attributes": [],
          "private": "eyJzY2hlbWFfdmVyc2lvbiI6IjEifQ==",
          "dependencies": [
            "module.percona-server.aws_dynamodb_table.percona",
            "module.percona-server.aws_lb_target_group.read",
            "module.percona-server.aws_lb_target_group.write",
            "module.percona-server.aws_security_group.percona",
            "module.percona-server.data.aws_ami.selected",
            "module.percona-server.data.aws_ami.ubuntu",
            "module.percona-server.data.aws_ec2_instance_type.selected",
            "module.percona-server.data.aws_subnet.selected",
            "module.percona-server.data.aws_vpc.selected",
            "module.percona-server.module.backups.aws_s3_bucket.this",
            "module.percona-server.module.instance_profile.aws_iam_instance_profile.profile",
            "module.percona-server.module.instance_profile.aws_iam_role.profile",
            "module.percona-server.module.instance_profile.data.aws_iam_policy_document.assume",
            "module.percona-server.module.luks_passphrase.aws_secretsmanager_secret.secret",
            "module.percona-server.module.luks_passphrase.data.aws_caller_identity.current",
            "module.percona-server.module.luks_passphrase.data.aws_iam_policy_document.permission-policy",
            "module.percona-server.module.luks_passphrase.data.aws_iam_role.caller_role",
            "module.percona-server.module.luks_passphrase.data.aws_iam_roles.access-analyzer"
          ],
          "create_before_destroy": true
        }
      ]
    },
    {
      "module": "module.percona-server",
      "mode": "managed",
      "type": "aws_lb",
      "name": "percona",
      "provider": "provider[\"registry.terraform.io/hashicorp/aws\"]",
      "instances": [
        {
          "schema_version": 0,
          "attributes": {
            "access_logs": [
              {
                "bucket": "",
                "enabled": false,
                "prefix": ""
              }
            ],
            "arn": "arn:aws:elasticloadbalancing:us-west-1:303467602807:loadbalancer/net/prc-20260118145555588300000001/67b0864df89c3a83",
            "arn_suffix": "net/prc-20260118145555588300000001/67b0864df89c3a83",
            "client_keep_alive": null,
            "connection_logs": [],
            "customer_owned_ipv4_pool": "",
            "desync_mitigation_mode": null,
            "dns_name": "prc-20260118145555588300000001-67b0864df89c3a83.elb.us-west-1.amazonaws.com",
            "dns_record_client_routing_policy": "any_availability_zone",
            "drop_invalid_header_fields": null,
            "enable_cross_zone_load_balancing": false,
            "enable_deletion_protection": false,
            "enable_http2": null,
            "enable_tls_version_and_cipher_suite_headers": null,
            "enable_waf_fail_open": null,
            "enable_xff_client_port": null,
            "enable_zonal_shift": false,
            "enforce_security_group_inbound_rules_on_private_link_traffic": "",
            "health_check_logs": [],
            "id": "arn:aws:elasticloadbalancing:us-west-1:303467602807:loadbalancer/net/prc-20260118145555588300000001/67b0864df89c3a83",
            "idle_timeout": null,
            "internal": true,
            "ip_address_type": "ipv4",
            "ipam_pools": [],
            "load_balancer_type": "network",
            "minimum_load_balancer_capacity": [],
            "name": "prc-20260118145555588300000001",
            "name_prefix": "prc-",
            "preserve_host_header": null,
            "region": "us-west-1",
            "secondary_ips_auto_assigned_per_subnet": 0,
            "security_groups": [],
            "subnet_mapping": [
              {
                "allocation_id": "",
                "ipv6_address": "",
                "outpost_id": "",
                "private_ipv4_address": "",
                "subnet_id": "subnet-01e551bf5e4eb6b57"
              },
              {
                "allocation_id": "",
                "ipv6_address": "",
                "outpost_id": "",
                "private_ipv4_address": "",
                "subnet_id": "subnet-0ebe8a46542652766"
              }
            ],
            "subnets": [
              "subnet-01e551bf5e4eb6b57",
              "subnet-0ebe8a46542652766"
            ],
            "tags": {
              "Name": "percona-test-percona-nlb",
              "cluster_id": "test-percona",
              "created_by_module": "infrahouse/percona-server/aws",
              "environment": "development"
            },
            "tags_all": {
              "Name": "percona-test-percona-nlb",
              "cluster_id": "test-percona",
              "created_by": "infrahouse/terraform-aws-percona-server",
              "created_by_module": "infrahouse/percona-server/aws",
              "environment": "development"
            },
            "timeouts": null,
            "vpc_id": "vpc-0d92c782716242ac9",
            "xff_header_processing_mode": null,
            "zone_id": "Z24FKFUX50B4VW"
          },
          "sensitive_attributes": [],
          "private": "eyJlMmJmYjczMC1lY2FhLTExZTYtOGY4OC0zNDM2M2JjN2M0YzAiOnsiY3JlYXRlIjo2MDAwMDAwMDAwMDAsImRlbGV0ZSI6NjAwMDAwMDAwMDAwLCJ1cGRhdGUiOjYwMDAwMDAwMDAwMH19"
        }
      ]
    },
    {
      "module": "module.percona-server",
      "mode": "managed",
      "type": "aws_lb_listener",
      "name": "read",
      "provider": "provider[\"registry.terraform.io/hashicorp/aws\"]",
      "instances": [
        {
          "schema_version": 0,
          "attributes": {
            "alpn_policy": null,
            "arn": "arn:aws:elasticloadbalancing:us-west-1:303467602807:listener/net/prc-20260118145555588300000001/67b0864df89c3a83/8226c3f50da4164b",
            "certificate_arn": null,
            "default_action": [
              {
                "authenticate_cognito": [],
                "authenticate_oidc": [],
                "fixed_response": [],
                "forward": [],
                "jwt_validation": [],
                "order": 1,
                "redirect": [],
                "target_group_arn": "arn:aws:elasticloadbalancing:us-west-1:303467602807:targetgroup/read-20260118145555588400000002/3b701c41644cb3b9",
                "type": "forward"
              }
            ],
            "id": "arn:aws:elasticloadbalancing:us-west-1:303467602807:listener/net/prc-20260118145555588300000001/67b0864df89c3a83/8226c3f50da4164b",
            "load_balancer_arn": "arn:aws:elasticloadbalancing:us-west-1:303467602807:loadbalancer/net/prc-20260118145555588300000001/67b0864df89c3a83",
            "mutual_authentication": [],
            "port": 3307,
            "protocol": "TCP",
            "region": "us-west-1",
            "routing_http_request_x_amzn_mtls_clientcert_header_name": null,
            "routing_http_request_x_amzn_mtls_clientcert_issuer_header_name": null,
            "routing_http_request_x_amzn_mtls_clientcert_leaf_header_name": null,
            "routing_http_request_x_amzn_mtls_clientcert_serial_number_header_name": null,
            "routing_http_request_x_amzn_mtls_clientcert_subject_header_name": null,
            "routing_http_request_x_amzn_mtls_clientcert_validity_header_name": null,
            "routing_http_request_x_amzn_tls_cipher_suite_header_name": null,
            "routing_http_request_x_amzn_tls_version_header_name": null,
            "routing_http_response_access_control_allow_credentials_header_value": null,
            "routing_http_response_access_control_allow_headers_header_value": null,
            "routing_http_response_access_control_allow_methods_header_value": null,
            "routing_http_response_access_control_allow_origin_header_value": null,
            "routing_http_response_access_control_expose_headers_header_value": null,
            "routing_http_response_access_control_max_age_header_value": null,
            "routing_http_response_content_security_policy_header_value": null,
            "routing_http_response_server_enabled": null,
            "routing_http_response_strict_transport_security_header_value": null,
            "routing_http_response_x_content_type_options_header_value": null,
            "routing_http_response_x_frame_options_header_value": null,
            "ssl_policy": "",
            "tags": {
              "Name": "percona-test-percona-read-listener",
              "cluster_id": "test-percona",
              "created_by_module": "infrahouse/percona-server/aws",
              "environment": "development"
            },
            "tags_all": {
              "Name": "percona-test-percona-read-listener",
              "cluster_id": "test-percona",
              "created_by": "infrahouse/terraform-aws-percona-server",
              "created_by_module": "infrahouse/percona-server/aws",
              "environment": "development"
            },
            "tcp_idle_timeout_seconds": 350,
            "timeouts": null
          },
          "sensitive_attributes": [],
          "private": "eyJlMmJmYjczMC1lY2FhLTExZTYtOGY4OC0zNDM2M2JjN2M0YzAiOnsiY3JlYXRlIjozMDAwMDAwMDAwMDAsInVwZGF0ZSI6MzAwMDAwMDAwMDAwfX0=",
          "dependencies": [
            "module.percona-server.aws_lb.percona",
            "module.percona-server.aws_lb_target_group.read",
            "module.percona-server.data.aws_subnet.selected",
            "module.percona-server.data.aws_vpc.selected"
          ]
        }
      ]
    },
    {
      "module": "module.percona-server",
      "mode": "managed",
      "type": "aws_lb_listener",
      "name": "write",
      "provider": "provider[\"registry.terraform.io/hashicorp/aws\"]",
      "instances": [
        {
          "schema_version": 0,
          "attributes": {
            "alpn_policy": null,
            "arn": "arn:aws:elasticloadbalancing:us-west-1:303467602807:listener/net/prc-20260118145555588300000001/67b0864df89c3a83/e1864052dc6e4233",
            "certificate_arn": null,
            "default_action": [
              {
                "authenticate_cognito": [],
                "authenticate_oidc": [],
                "fixed_response": [],
                "forward": [],
                "jwt_validation": [],
                "order": 1,
                "redirect": [],
                "target_group_arn": "arn:aws:elasticloadbalancing:us-west-1:303467602807:targetgroup/write-20260118145555588400000003/4780b2ed1906e7d2",
                "type": "forward"
              }
            ],
            "id": "arn:aws:elasticloadbalancing:us-west-1:303467602807:listener/net/prc-20260118145555588300000001/67b0864df89c3a83/e1864052dc6e4233",
            "load_balancer_arn": "arn:aws:elasticloadbalancing:us-west-1:303467602807:loadbalancer/net/prc-20260118145555588300000001/67b0864df89c3a83",
            "mutual_authentication": [],
            "port": 3306,
            "protocol": "TCP",
            "region": "us-west-1",
            "routing_http_request_x_amzn_mtls_clientcert_header_name": null,
            "routing_http_request_x_amzn_mtls_clientcert_issuer_header_name": null,
            "routing_http_request_x_amzn_mtls_clientcert_leaf_header_name": null,
            "routing_http_request_x_amzn_mtls_clientcert_serial_number_header_name": null,
            "routing_http_request_x_amzn_mtls_clientcert_subject_header_name": null,
            "routing_http_request_x_amzn_mtls_clientcert_validity_header_name": null,
            "routing_http_request_x_amzn_tls_cipher_suite_header_name": null,
            "routing_http_request_x_amzn_tls_version_header_name": null,
            "routing_http_response_access_control_allow_credentials_header_value": null,
            "routing_http_response_access_control_allow_headers_header_value": null,
            "routing_http_response_access_control_allow_methods_header_value": null,
            "routing_http_response_access_control_allow_origin_header_value": null,
            "routing_http_response_access_control_expose_headers_header_value": null,
            "routing_http_response_access_control_max_age_header_value": null,
            "routing_http_response_content_security_policy_header_value": null,
            "routing_http_response_server_enabled": null,
            "routing_http_response_strict_transport_security_header_value": null,
            "routing_http_response_x_content_type_options_header_value": null,
            "routing_http_response_x_frame_options_header_value": null,
            "ssl_policy": "",
            "tags": {
              "Name": "percona-test-percona-write-listener",
              "cluster_id": "test-percona",
              "created_by_module": "infrahouse/percona-server/aws",
              "environment": "development"
            },
            "tags_all": {
              "Name": "percona-test-percona-write-listener",
              "cluster_id": "test-percona",
              "created_by": "infrahouse/terraform-aws-percona-server",
              "created_by_module": "infrahouse/percona-server/aws",
              "environment": "development"
            },
            "tcp_idle_timeout_seconds": 350,
            "timeouts": null
          },
          "sensitive_attributes": [],
          "private": "eyJlMmJmYjczMC1lY2FhLTExZTYtOGY4OC0zNDM2M2JjN2M0YzAiOnsiY3JlYXRlIjozMDAwMDAwMDAwMDAsInVwZGF0ZSI6MzAwMDAwMDAwMDAwfX0=",
          "dependencies": [
            "module.percona-server.aws_lb.percona",
            "module.percona-server.aws_lb_target_group.write",
            "module.percona-server.data.aws_subnet.selected",
            "module.percona-server.data.aws_vpc.selected"
          ]
        }
      ]
    },
    {
      "module": "module.percona-server",
      "mode": "managed",
      "type": "aws_lb_target_group",
      "name": "read",
      "provider": "provider[\"registry.terraform.io/hashicorp/aws\"]",
      "instances": [
        {
          "schema_version": 0,
          "attributes": {
            "arn": "arn:aws:elasticloadbalancing:us-west-1:303467602807:targetgroup/read-20260118145555588400000002/3b701c41644cb3b9",
            "arn_suffix": "targetgroup/read-20260118145555588400000002/3b701c41644cb3b9",
            "connection_termination": false,
            "deregistration_delay": "300",
            "health_check": [
              {
                "enabled": true,
                "healthy_threshold": 3,
                "interval": 10,
                "matcher": "",
                "path": "",
                "port": "3306",
                "protocol": "TCP",
                "timeout": 10,
                "unhealthy_threshold": 3
              }
            ],
            "id": "arn:aws:elasticloadbalancing:us-west-1:303467602807:targetgroup/read-20260118145555588400000002/3b701c41644cb3b9",
            "ip_address_type": "ipv4",
            "lambda_multi_value_headers_enabled": false,
            "load_balancer_arns": [],
            "load_balancing_algorithm_type": null,
            "load_balancing_anomaly_mitigation": null,
            "load_balancing_cross_zone_enabled": "use_load_balancer_configuration",
            "name": "read-20260118145555588400000002",
            "name_prefix": "read-",
            "port": 3306,
            "preserve_client_ip": "true",
            "protocol": "TCP",
            "protocol_version": null,
            "proxy_protocol_v2": false,
            "region": "us-west-1",
            "slow_start": 0,
            "stickiness": [
              {
                "cookie_duration": 0,
                "cookie_name": "",
                "enabled": false,
                "type": "source_ip"
              }
            ],
            "tags": {
              "Name": "percona-test-percona-read-tg",
              "cluster_id": "test-percona",
              "created_by_module": "infrahouse/percona-server/aws",
              "environment": "development",
              "role": "read"
            },
            "tags_all": {
              "Name": "percona-test-percona-read-tg",
              "cluster_id": "test-percona",
              "created_by": "infrahouse/terraform-aws-percona-server",
              "created_by_module": "infrahouse/percona-server/aws",
              "environment": "development",
              "role": "read"
            },
            "target_control_port": 0,
            "target_failover": [
              {
                "on_deregistration": null,
                "on_unhealthy": null
              }
            ],
            "target_group_health": [
              {
                "dns_failover": [
                  {
                    "minimum_healthy_targets_count": "1",
                    "minimum_healthy_targets_percentage": "off"
                  }
                ],
                "unhealthy_state_routing": [
                  {
                    "minimum_healthy_targets_count": 1,
                    "minimum_healthy_targets_percentage": "off"
                  }
                ]
              }
            ],
            "target_health_state": [
              {
                "enable_unhealthy_connection_termination": true,
                "unhealthy_draining_interval": 0
              }
            ],
            "target_type": "instance",
            "vpc_id": "vpc-0d92c782716242ac9"
          },
          "sensitive_attributes": [],
          "private": "bnVsbA==",
          "dependencies": [
            "module.percona-server.data.aws_subnet.selected",
            "module.percona-server.data.aws_vpc.selected"
          ],
          "create_before_destroy": true
        }
      ]
    },
    {
      "module": "module.percona-server",
      "mode": "managed",
      "type": "aws_lb_target_group",
      "name": "write",
      "provider": "provider[\"registry.terraform.io/hashicorp/aws\"]",
      "instances": [
        {
          "schema_version": 0,
          "attributes": {
            "arn": "arn:aws:elasticloadbalancing:us-west-1:303467602807:targetgroup/write-20260118145555588400000003/4780b2ed1906e7d2",
            "arn_suffix": "targetgroup/write-20260118145555588400000003/4780b2ed1906e7d2",
            "connection_termination": false,
            "deregistration_delay": "300",
            "health_check": [
              {
                "enabled": true,
                "healthy_threshold": 3,
                "interval": 10,
                "matcher": "",
                "path": "",
                "port": "3306",
                "protocol": "TCP",
                "timeout": 10,
                "unhealthy_threshold": 3
              }
            ],
            "id": "arn:aws:elasticloadbalancing:us-west-1:303467602807:targetgroup/write-20260118145555588400000003/4780b2ed1906e7d2",
            "ip_address_type": "ipv4",
            "lambda_multi_value_headers_enabled": false,
            "load_balancer_arns": [],
            "load_balancing_algorithm_type": null,
            "load_balancing_anomaly_mitigation": null,
            "load_balancing_cross_zone_enabled": "use_load_balancer_configuration",
            "name": "write-20260118145555588400000003",
            "name_prefix": "write-",
            "port": 3306,
            "preserve_client_ip": "true",
            "protocol": "TCP",
            "protocol_version": null,
            "proxy_protocol_v2": false,
            "region": "us-west-1",
            "slow_start": 0,
            "stickiness": [
              {
                "cookie_duration": 0,
                "cookie_name": "",
                "enabled": false,
                "type": "source_ip"
              }
            ],
            "tags": {
              "Name": "percona-test-percona-write-tg",
              "cluster_id": "test-percona",
              "created_by_module": "infrahouse/percona-server/aws",
              "environment": "development",
              "role": "write"
            },
            "tags_all": {
              "Name": "percona-test-percona-write-tg",
              "cluster_id": "test-percona",
              "created_by": "infrahouse/terraform-aws-percona-server",
              "created_by_module": "infrahouse/percona-server/aws",
              "environment": "development",
              "role": "write"
            },
            "target_control_port": 0,
            "target_failover": [
              {
                "on_deregistration": null,
                "on_unhealthy": null
              }
            ],
            "target_group_health": [
              {
                "dns_failover": [
                  {
                    "minimum_healthy_targets_count": "1",
                    "minimum_healthy_targets_percentage": "off"
                  }
                ],
                "unhealthy_state_routing": [
                  {
                    "minimum_healthy_targets_count": 1,
                    "minimum_healthy_targets_percentage": "off"
                  }
                ]
              }
            ],
            "target_health_state": [
              {
                "enable_unhealthy_connection_termination": true,
                "unhealthy_draining_interval": 0
              }
            ],
            "target_type": "instance",
            "vpc_id": "vpc-0d92c782716242ac9"
          },
          "sensitive_attributes": [],
          "private": "bnVsbA==",
          "dependencies": [
            "module.percona-server.data.aws_subnet.selected",
            "module.percona-server.data.aws_vpc.selected"
          ],
          "create_before_destroy": true
        }
      ]
    },
    {
      "module": "module.percona-server",
      "mode": "managed",
      "type": "aws_s3_bucket_lifecycle_configuration",
      "name": "backups",
      "provider": "provider[\"registry.terraform.io/hashicorp/aws\"]",
      "instances": [
        {
          "schema_version": 1,
          "attributes": {
            "bucket": "percona-test-percona-backups-20260118145555593300000006",
            "expected_bucket_owner": "",
            "id": "percona-test-percona-backups-20260118145555593300000006",
            "region": "us-west-1",
            "rule": [
              {
                "abort_incomplete_multipart_upload": [],
                "expiration": [
                  {
                    "date": null,
                    "days": 28,
                    "expired_object_delete_marker": false
                  }
                ],
                "filter": [
                  {
                    "and": [],
                    "object_size_greater_than": null,
                    "object_size_less_than": null,
                    "prefix": "test-percona/full/",
                    "tag": []
                  }
                ],
                "id": "full-backup-retention",
                "noncurrent_version_expiration": [
                  {
                    "newer_noncurrent_versions": null,
                    "noncurrent_days": 7
                  }
                ],
                "noncurrent_version_transition": [],
                "prefix": "",
                "status": "Enabled",
                "transition": []
              },
              {
                "abort_incomplete_multipart_upload": [],
                "expiration": [
                  {
                    "date": null,
                    "days": 28,
                    "expired_object_delete_marker": false
                  }
                ],
                "filter": [
                  {
                    "and": [],
                    "object_size_greater_than": null,
                    "object_size_less_than": null,
                    "prefix": "test-percona/incremental/",
                    "tag": []
                  }
                ],
                "id": "incremental-backup-retention",
                "noncurrent_version_expiration": [
                  {
                    "newer_noncurrent_versions": null,
                    "noncurrent_days": 7
                  }
                ],
                "noncurrent_version_transition": [],
                "prefix": "",
                "status": "Enabled",
                "transition": []
              },
              {
                "abort_incomplete_multipart_upload": [],
                "expiration": [
                  {
                    "date": null,
                    "days": 28,
                    "expired_object_delete_marker": false
                  }
                ],
                "filter": [
                  {
                    "and": [],
                    "object_size_greater_than": null,
                    "object_size_less_than": null,
                    "prefix": "test-percona/binlogs/",
                    "tag": []
                  }
                ],
                "id": "binlog-retention",
                "noncurrent_version_expiration": [
                  {
                    "newer_noncurrent_versions": null,
                    "noncurrent_days": 7
                  }
                ],
                "noncurrent_version_transition": [],
                "prefix": "",
                "status": "Enabled",
                "transition": []
              }
            ],
            "timeouts": null,
            "transition_default_minimum_object_size": "all_storage_classes_128K"
          },
          "sensitive_attributes": [],
          "dependencies": [
            "module.percona-server.module.backups.aws_s3_bucket.this"
          ]
        }
      ]
    },
    {
      "module": "module.percona-server",
      "mode": "managed",
      "type": "aws_security_group",
      "name": "percona",
      "provider": "provider[\"registry.terraform.io/hashicorp/aws\"]",
      "instances": [
        {
          "schema_version": 1,
          "attributes": {
            "arn": "arn:aws:ec2:us-west-1:303467602807:security-group/sg-02a802ce4bfdb610c",
            "description": "Security group for Percona Server cluster test-percona",
            "egress": [],
            "id": "sg-02a802ce4bfdb610c",
            "ingress": [],
            "name": "percona-test-percona-20260118145555589800000005",
            "name_prefix": "percona-test-percona-",
            "owner_id": "303467602807",
            "region": "us-west-1",
            "revoke_rules_on_delete": false,
            "tags": {
              "Name": "percona-test-percona-sg",
              "cluster_id": "test-percona",
              "created_by_module": "infrahouse/percona-server/aws",
              "environment": "development"
            },
            "tags_all": {
              "Name": "percona-test-percona-sg",
              "cluster_id": "test-percona",
              "created_by": "infrahouse/terraform-aws-percona-server",
              "created_by_module": "infrahouse/percona-server/aws",
              "environment": "development"
            },
            "timeouts": null,
            "vpc_id": "vpc-0d92c782716242ac9"
          },
          "sensitive_attributes": [],
          "private": "eyJlMmJmYjczMC1lY2FhLTExZTYtOGY4OC0zNDM2M2JjN2M0YzAiOnsiY3JlYXRlIjo2MDAwMDAwMDAwMDAsImRlbGV0ZSI6OTAwMDAwMDAwMDAwfSwic2NoZW1hX3ZlcnNpb24iOiIxIn0=",
          "dependencies": [
            "module.percona-server.data.aws_subnet.selected",
            "module.percona-server.data.aws_vpc.selected"
          ],
          "create_before_destroy": true
        }
      ]
    },
    {
      "module": "module.percona-server",
      "mode": "managed",
      "type": "aws_vpc_security_group_egress_rule",
      "name": "all_outbound",
      "provider": "provider[\"registry.terraform.io/hashicorp/aws\"]",
      "instances": [
        {
          "schema_version": 0,
          "attributes": {
            "arn": "arn:aws:ec2:us-west-1:303467602807:security-group-rule/sgr-0f3d3effcc3710d27",
            "cidr_ipv4": "0.0.0.0/0",
            "cidr_ipv6": null,
            "description": "Allow all outbound traffic",
            "from_port": null,
            "id": "sgr-0f3d3effcc3710d27",
            "ip_protocol": "-1",
            "prefix_list_id": null,
            "referenced_security_group_id": null,
            "region": "us-west-1",
            "security_group_id": "sg-02a802ce4bfdb610c",
            "security_group_rule_id": "sgr-0f3d3effcc3710d27",
            "tags": {
              "cluster_id": "test-percona",
              "created_by_module": "infrahouse/percona-server/aws",
              "environment": "development"
            },
            "tags_all": {
              "cluster_id": "test-percona",
              "created_by": "infrahouse/terraform-aws-percona-server",
              "created_by_module": "infrahouse/percona-server/aws",
              "environment": "development"
            },
            "to_port": null
          },
          "sensitive_attributes": [],
          "dependencies": [
            "module.percona-server.aws_security_group.percona",
            "module.percona-server.data.aws_subnet.selected",
            "module.percona-server.data.aws_vpc.selected"
          ]
        }
      ]
    },
    {
      "module": "module.percona-server",
      "mode": "managed",
      "type": "aws_vpc_security_group_ingress_rule",
      "name": "icmp",
      "provider": "provider[\"registry.terraform.io/hashicorp/aws\"]",
      "instances": [
        {
          "schema_version": 0,
          "attributes": {
            "arn": "arn:aws:ec2:us-west-1:303467602807:security-group-rule/sgr-0d432817bdf17842c",
            "cidr_ipv4": "10.1.0.0/16",
            "cidr_ipv6": null,
            "description": "ICMP from VPC",
            "from_port": -1,
            "id": "sgr-0d432817bdf17842c",
            "ip_protocol": "icmp",
            "prefix_list_id": null,
            "referenced_security_group_id": null,
            "region": "us-west-1",
            "security_group_id": "sg-02a802ce4bfdb610c",
            "security_group_rule_id": "sgr-0d432817bdf17842c",
            "tags": {
              "cluster_id": "test-percona",
              "created_by_module": "infrahouse/percona-server/aws",
              "environment": "development"
            },
            "tags_all": {
              "cluster_id": "test-percona",
              "created_by": "infrahouse/terraform-aws-percona-server",
              "created_by_module": "infrahouse/percona-server/aws",
              "environment": "development"
            },
            "to_port": -1
          },
          "sensitive_attributes": [],
          "dependencies": [
            "module.percona-server.aws_security_group.percona",
            "module.percona-server.data.aws_subnet.selected",
            "module.percona-server.data.aws_vpc.selected"
          ]
        }
      ]
    },
    {
      "module": "module.percona-server",
      "mode": "managed",
      "type": "aws_vpc_security_group_ingress_rule",
      "name": "mysql_internal",
      "provider": "provider[\"registry.terraform.io/hashicorp/aws\"]",
      "instances": [
        {
          "schema_version": 0,
          "attributes": {
            "arn": "arn:aws:ec2:us-west-1:303467602807:security-group-rule/sgr-0d5c10e2bb7a648f8",
            "cidr_ipv4": null,
            "cidr_ipv6": null,
            "description": "MySQL traffic between cluster nodes",
            "from_port": 3306,
            "id": "sgr-0d5c10e2bb7a648f8",
            "ip_protocol": "tcp",
            "prefix_list_id": null,
            "referenced_security_group_id": "sg-02a802ce4bfdb610c",
            "region": "us-west-1",
            "security_group_id": "sg-02a802ce4bfdb610c",
            "security_group_rule_id": "sgr-0d5c10e2bb7a648f8",
            "tags": {
              "cluster_id": "test-percona",
              "created_by_module": "infrahouse/percona-server/aws",
              "environment": "development"
            },
            "tags_all": {
              "cluster_id": "test-percona",
              "created_by": "infrahouse/terraform-aws-percona-server",
              "created_by_module": "infrahouse/percona-server/aws",
              "environment": "development"
            },
            "to_port": 3306
          },
          "sensitive_attributes": [],
          "dependencies": [
            "module.percona-server.aws_security_group.percona",
            "module.percona-server.data.aws_subnet.selected",
            "module.percona-server.data.aws_vpc.selected"
          ]
        }
      ]
    },
    {
      "module": "module.percona-server",
      "mode": "managed",
      "type": "aws_vpc_security_group_ingress_rule",
      "name": "mysql_vpc",
      "provider": "provider[\"registry.terraform.io/hashicorp/aws\"]",
      "instances": [
        {
          "schema_version": 0,
          "attributes": {
            "arn": "arn:aws:ec2:us-west-1:303467602807:security-group-rule/sgr-0d8490b10262455fe",
            "cidr_ipv4": "10.1.0.0/16",
            "cidr_ipv6": null,
            "description": "MySQL traffic from VPC",
            "from_port": 3306,
            "id": "sgr-0d8490b10262455fe",
            "ip_protocol": "tcp",
            "prefix_list_id": null,
            "referenced_security_group_id": null,
            "region": "us-west-1",
            "security_group_id": "sg-02a802ce4bfdb610c",
            "security_group_rule_id": "sgr-0d8490b10262455fe",
            "tags": {
              "cluster_id": "test-percona",
              "created_by_module": "infrahouse/percona-server/aws",
              "environment": "development"
            },
            "tags_all": {
              "cluster_id": "test-percona",
              "created_by": "infrahouse/terraform-aws-percona-server",
              "created_by_module": "infrahouse/percona-server/aws",
              "environment": "development"
            },
            "to_port": 3306
          },
          "sensitive_attributes": [],
          "dependencies": [
            "module.percona-server.aws_security_group.percona",
            "module.percona-server.data.aws_subnet.selected",
            "module.percona-server.data.aws_vpc.selected"
          ]
        }
      ]
    },
    {
      "module": "module.percona-server",
      "mode": "managed",
      "type": "aws_vpc_security_group_ingress_rule",
      "name": "orchestrator_http",
      "provider": "provider[\"registry.terraform.io/hashicorp/aws\"]",
      "instances": [
        {
          "schema_version": 0,
          "attributes": {
            "arn": "arn:aws:ec2:us-west-1:303467602807:security-group-rule/sgr-0cd140459a4a93622",
            "cidr_ipv4": null,
            "cidr_ipv6": null,
            "description": "Orchestrator HTTP traffic",
            "from_port": 3000,
            "id": "sgr-0cd140459a4a93622",
            "ip_protocol": "tcp",
            "prefix_list_id": null,
            "referenced_security_group_id": "sg-02a802ce4bfdb610c",
            "region": "us-west-1",
            "security_group_id": "sg-02a802ce4bfdb610c",
            "security_group_rule_id": "sgr-0cd140459a4a93622",
            "tags": {
              "cluster_id": "test-percona",
              "created_by_module": "infrahouse/percona-server/aws",
              "environment": "development"
            },
            "tags_all": {
              "cluster_id": "test-percona",
              "created_by": "infrahouse/terraform-aws-percona-server",
              "created_by_module": "infrahouse/percona-server/aws",
              "environment": "development"
            },
            "to_port": 3000
          },
          "sensitive_attributes": [],
          "dependencies": [
            "module.percona-server.aws_security_group.percona",
            "module.percona-server.data.aws_subnet.selected",
            "module.percona-server.data.aws_vpc.selected"
          ]
        }
      ]
    },
    {
      "module": "module.percona-server",
      "mode": "managed",
      "type": "aws_vpc_security_group_ingress_rule",
      "name": "orchestrator_raft",
      "provider": "provider[\"registry.terraform.io/hashicorp/aws\"]",
      "instances": [
        {
          "schema_version": 0,
          "attributes": {
            "arn": "arn:aws:ec2:us-west-1:303467602807:security-group-rule/sgr-0941d418a7dd56d1b",
            "cidr_ipv4": null,
            "cidr_ipv6": null,
            "description": "Orchestrator Raft consensus traffic",
            "from_port": 10008,
            "id": "sgr-0941d418a7dd56d1b",
            "ip_protocol": "tcp",
            "prefix_list_id": null,
            "referenced_security_group_id": "sg-02a802ce4bfdb610c",
            "region": "us-west-1",
            "security_group_id": "sg-02a802ce4bfdb610c",
            "security_group_rule_id": "sgr-0941d418a7dd56d1b",
            "tags": {
              "cluster_id": "test-percona",
              "created_by_module": "infrahouse/percona-server/aws",
              "environment": "development"
            },
            "tags_all": {
              "cluster_id": "test-percona",
              "created_by": "infrahouse/terraform-aws-percona-server",
              "created_by_module": "infrahouse/percona-server/aws",
              "environment": "development"
            },
            "to_port": 10008
          },
          "sensitive_attributes": [],
          "dependencies": [
            "module.percona-server.aws_security_group.percona",
            "module.percona-server.data.aws_subnet.selected",
            "module.percona-server.data.aws_vpc.selected"
          ]
        }
      ]
    },
    {
      "module": "module.percona-server.module.backups",
      "mode": "data",
      "type": "aws_caller_identity",
      "name": "current",
      "provider": "provider[\"registry.terraform.io/hashicorp/aws\"]",
      "instances": [
        {
          "schema_version": 0,
          "attributes": {
            "account_id": "303467602807",
            "arn": "arn:aws:sts::303467602807:assumed-role/percona-server-tester/aws-go-sdk-1768748151773552212",
            "id": "303467602807",
            "user_id": "AROAUNKAUEN32HZWDBEBV:aws-go-sdk-1768748151773552212"
          },
          "sensitive_attributes": []
        }
      ]
    },
    {
      "module": "module.percona-server.module.backups",
      "mode": "data",
      "type": "aws_iam_policy_document",
      "name": "bucket_policy",
      "provider": "provider[\"registry.terraform.io/hashicorp/aws\"]",
      "instances": [
        {
          "schema_version": 0,
          "attributes": {
            "id": "2808666382",
            "json": "{\n  \"Version\": \"2012-10-17\",\n  \"Statement\": [\n    {\n      \"Sid\": \"AllowSSLRequestsOnly\",\n      \"Effect\": \"Deny\",\n      \"Action\": \"s3:*\",\n      \"Resource\": [\n        \"arn:aws:s3:::percona-test-percona-backups-20260118145555593300000006/*\",\n        \"arn:aws:s3:::percona-test-percona-backups-20260118145555593300000006\"\n      ],\n      \"Principal\": \"*\",\n      \"Condition\": {\n        \"Bool\": {\n          \"aws:SecureTransport\": \"false\"\n        }\n      }\n    }\n  ]\n}",
            "minified_json": "{\"Version\":\"2012-10-17\",\"Statement\":[{\"Sid\":\"AllowSSLRequestsOnly\",\"Effect\":\"Deny\",\"Action\":\"s3:*\",\"Resource\":[\"arn:aws:s3:::percona-test-percona-backups-20260118145555593300000006/*\",\"arn:aws:s3:::percona-test-percona-backups-20260118145555593300000006\"],\"Principal\":\"*\",\"Condition\":{\"Bool\":{\"aws:SecureTransport\":\"false\"}}}]}",
            "override_json": null,
            "override_policy_documents": null,
            "policy_id": null,
            "source_json": null,
            "source_policy_documents": [
              "",
              "{\n  \"Version\": \"2012-10-17\",\n  \"Statement\": [\n    {\n      \"Sid\": \"AllowSSLRequestsOnly\",\n      \"Effect\": \"Deny\",\n      \"Action\": \"s3:*\",\n      \"Resource\": [\n        \"arn:aws:s3:::percona-test-percona-backups-20260118145555593300000006/*\",\n        \"arn:aws:s3:::percona-test-percona-backups-20260118145555593300000006\"\n      ],\n      \"Principal\": \"*\",\n      \"Condition\": {\n        \"Bool\": {\n          \"aws:SecureTransport\": \"false\"\n        }\n      }\n    }\n  ]\n}"
            ],
            "statement": null,
            "version": "2012-10-17"
          },
          "sensitive_attributes": []
        }
      ]
    },
    {
      "module": "module.percona-server.module.backups",
      "mode": "data",
      "type": "aws_iam_policy_document",
      "name": "enforce_ssl_policy",
      "provider": "provider[\"registry.terraform.io/hashicorp/aws\"]",
      "instances": [
        {
          "schema_version": 0,
          "attributes": {
            "id": "2808666382",
            "json": "{\n  \"Version\": \"2012-10-17\",\n  \"Statement\": [\n    {\n      \"Sid\": \"AllowSSLRequestsOnly\",\n      \"Effect\": \"Deny\",\n      \"Action\": \"s3:*\",\n      \"Resource\": [\n        \"arn:aws:s3:::percona-test-percona-backups-20260118145555593300000006/*\",\n        \"arn:aws:s3:::percona-test-percona-backups-20260118145555593300000006\"\n      ],\n      \"Principal\": \"*\",\n      \"Condition\": {\n        \"Bool\": {\n          \"aws:SecureTransport\": \"false\"\n        }\n      }\n    }\n  ]\n}",
            "minified_json": "{\"Version\":\"2012-10-17\",\"Statement\":[{\"Sid\":\"AllowSSLRequestsOnly\",\"Effect\":\"Deny\",\"Action\":\"s3:*\",\"Resource\":[\"arn:aws:s3:::percona-test-percona-backups-20260118145555593300000006/*\",\"arn:aws:s3:::percona-test-percona-backups-20260118145555593300000006\"],\"Principal\":\"*\",\"Condition\":{\"Bool\":{\"aws:SecureTransport\":\"false\"}}}]}",
            "override_json": null,
            "override_policy_documents": null,
            "policy_id": null,
            "source_json": null,
            "source_policy_documents": null,
            "statement": [
              {
                "actions": [
                  "s3:*"
                ],
                "condition": [
                  {
                    "test": "Bool",
                    "values": [
                      "false"
                    ],
                    "variable": "aws:SecureTransport"
                  }
                ],
                "effect": "Deny",
                "not_actions": [],
                "not_principals": [],
                "not_resources": [],
                "principals": [
                  {
                    "identifiers": [
                      "*"
                    ],
                    "type": "*"
                  }
                ],
                "resources": [
                  "arn:aws:s3:::percona-test-percona-backups-20260118145555593300000006",
                  "arn:aws:s3:::percona-test-percona-backups-20260118145555593300000006/*"
                ],
                "sid": "AllowSSLRequestsOnly"
              }
            ],
            "version": "2012-10-17"
          },
          "sensitive_attributes": []
        }
      ]
    },
    {
      "module": "module.percona-server.module.backups",
      "mode": "managed",
      "type": "aws_s3_bucket",
      "name": "this",
      "provider": "provider[\"registry.terraform.io/hashicorp/aws\"]",
      "instances": [
        {
          "schema_version": 0,
          "attributes": {
            "acceleration_status": "",
            "acl": null,
            "arn": "arn:aws:s3:::percona-test-percona-backups-20260118145555593300000006",
            "bucket": "percona-test-percona-backups-20260118145555593300000006",
            "bucket_domain_name": "percona-test-percona-backups-20260118145555593300000006.s3.amazonaws.com",
            "bucket_prefix": "percona-test-percona-backups-",
            "bucket_region": "us-west-1",
            "bucket_regional_domain_name": "percona-test-percona-backups-20260118145555593300000006.s3.us-west-1.amazonaws.com",
            "cors_rule": [],
            "force_destroy": true,
            "grant": [
              {
                "id": "eb12b644232bddf2be57e9f92f01e0bbe02d5d81bcdc1af7b4f7e2ccbdbd4008",
                "permissions": [
                  "FULL_CONTROL"
                ],
                "type": "CanonicalUser",
                "uri": ""
              }
            ],
            "hosted_zone_id": "Z2F56UZL2M1ACD",
            "id": "percona-test-percona-backups-20260118145555593300000006",
            "lifecycle_rule": [],
            "logging": [],
            "object_lock_configuration": [],
            "object_lock_enabled": false,
            "policy": "",
            "region": "us-west-1",
            "replication_configuration": [],
            "request_payer": "BucketOwner",
            "server_side_encryption_configuration": [
              {
                "rule": [
                  {
                    "apply_server_side_encryption_by_default": [
                      {
                        "kms_master_key_id": "",
                        "sse_algorithm": "AES256"
                      }
                    ],
                    "bucket_key_enabled": false
                  }
                ]
              }
            ],
            "tags": {
              "Name": "percona-test-percona-backups",
              "cluster_id": "test-percona",
              "created_by_module": "infrahouse/percona-server/aws",
              "environment": "development",
              "module_version": "0.3.1"
            },
            "tags_all": {
              "Name": "percona-test-percona-backups",
              "cluster_id": "test-percona",
              "created_by": "infrahouse/terraform-aws-percona-server",
              "created_by_module": "infrahouse/percona-server/aws",
              "environment": "development",
              "module_version": "0.3.1"
            },
            "timeouts": null,
            "versioning": [
              {
                "enabled": false,
                "mfa_delete": false
              }
            ],
            "website": [],
            "website_domain": null,
            "website_endpoint": null
          },
          "sensitive_attributes": [],
          "private": "eyJlMmJmYjczMC1lY2FhLTExZTYtOGY4OC0zNDM2M2JjN2M0YzAiOnsiY3JlYXRlIjoxMjAwMDAwMDAwMDAwLCJkZWxldGUiOjM2MDAwMDAwMDAwMDAsInJlYWQiOjEyMDAwMDAwMDAwMDAsInVwZGF0ZSI6MTIwMDAwMDAwMDAwMH19",
          "create_before_destroy": true
        }
      ]
    },
    {
      "module": "module.percona-server.module.backups",
      "mode": "managed",
      "type": "aws_s3_bucket_policy",
      "name": "this",
      "provider": "provider[\"registry.terraform.io/hashicorp/aws\"]",
      "instances": [
        {
          "schema_version": 0,
          "attributes": {
            "bucket": "percona-test-percona-backups-20260118145555593300000006",
            "id": "percona-test-percona-backups-20260118145555593300000006",
            "policy": "{\"Statement\":[{\"Action\":\"s3:*\",\"Condition\":{\"Bool\":{\"aws:SecureTransport\":\"false\"}},\"Effect\":\"Deny\",\"Principal\":\"*\",\"Resource\":[\"arn:aws:s3:::percona-test-percona-backups-20260118145555593300000006/*\",\"arn:aws:s3:::percona-test-percona-backups-20260118145555593300000006\"],\"Sid\":\"AllowSSLRequestsOnly\"}],\"Version\":\"2012-10-17\"}",
            "region": "us-west-1"
          },
          "sensitive_attributes": [],
          "private": "bnVsbA==",
          "dependencies": [
            "module.percona-server.module.backups.aws_s3_bucket.this",
            "module.percona-server.module.backups.data.aws_iam_policy_document.bucket_policy",
            "module.percona-server.module.backups.data.aws_iam_policy_document.enforce_ssl_policy"
          ]
        }
      ]
    },
    {
      "module": "module.percona-server.module.backups",
      "mode": "managed",
      "type": "aws_s3_bucket_public_access_block",
      "name": "public_access",
      "provider": "provider[\"registry.terraform.io/hashicorp/aws\"]",
      "instances": [
        {
          "schema_version": 0,
          "attributes": {
            "block_public_acls": true,
            "block_public_policy": true,
            "bucket": "percona-test-percona-backups-20260118145555593300000006",
            "id": "percona-test-percona-backups-20260118145555593300000006",
            "ignore_public_acls": true,
            "region": "us-west-1",
            "restrict_public_buckets": true,
            "skip_destroy": null
          },
          "sensitive_attributes": [],
          "private": "bnVsbA==",
          "dependencies": [
            "module.percona-server.module.backups.aws_s3_bucket.this"
          ]
        }
      ]
    },
    {
      "module": "module.percona-server.module.backups",
      "mode": "managed",
      "type": "aws_s3_bucket_server_side_encryption_configuration",
      "name": "default",
      "provider": "provider[\"registry.terraform.io/hashicorp/aws\"]",
      "instances": [
        {
          "schema_version": 0,
          "attributes": {
            "bucket": "percona-test-percona-backups-20260118145555593300000006",
            "expected_bucket_owner": "",
            "id": "percona-test-percona-backups-20260118145555593300000006",
            "region": "us-west-1",
            "rule": [
              {
                "apply_server_side_encryption_by_default": [
                  {
                    "kms_master_key_id": "",
                    "sse_algorithm": "AES256"
                  }
                ],
                "blocked_encryption_types": [],
                "bucket_key_enabled": null
              }
            ]
          },
          "sensitive_attributes": [],
          "private": "bnVsbA==",
          "dependencies": [
            "module.percona-server.module.backups.aws_s3_bucket.this"
          ]
        }
      ]
    },
    {
      "module": "module.percona-server.module.backups",
      "mode": "managed",
      "type": "aws_s3_bucket_versioning",
      "name": "enabled",
      "provider": "provider[\"registry.terraform.io/hashicorp/aws\"]",
      "instances": [
        {
          "index_key": 0,
          "schema_version": 0,
          "attributes": {
            "bucket": "percona-test-percona-backups-20260118145555593300000006",
            "expected_bucket_owner": "",
            "id": "percona-test-percona-backups-20260118145555593300000006",
            "mfa": null,
            "region": "us-west-1",
            "versioning_configuration": [
              {
                "mfa_delete": "",
                "status": "Enabled"
              }
            ]
          },
          "sensitive_attributes": [],
          "private": "bnVsbA==",
          "dependencies": [
            "module.percona-server.module.backups.aws_s3_bucket.this"
          ]
        }
      ]
    },
    {
      "module": "module.percona-server.module.instance_profile",
      "mode": "data",
      "type": "aws_iam_policy",
      "name": "ssm",
      "provider": "provider[\"registry.terraform.io/hashicorp/aws\"]",
      "instances": [
        {
          "schema_version": 0,
          "attributes": {
            "arn": "arn:aws:iam::aws:policy/AmazonSSMManagedInstanceCore",
            "attachment_count": 12,
            "description": "The policy for Amazon EC2 Role to enable AWS Systems Manager service core functionality.",
            "id": "arn:aws:iam::aws:policy/AmazonSSMManagedInstanceCore",
            "name": "AmazonSSMManagedInstanceCore",
            "path": "/",
            "path_prefix": null,
            "policy": "{\"Statement\":[{\"Action\":[\"ssm:DescribeAssociation\",\"ssm:GetDeployablePatchSnapshotForInstance\",\"ssm:GetDocument\",\"ssm:DescribeDocument\",\"ssm:GetManifest\",\"ssm:GetParameter\",\"ssm:GetParameters\",\"ssm:ListAssociations\",\"ssm:ListInstanceAssociations\",\"ssm:PutInventory\",\"ssm:PutComplianceItems\",\"ssm:PutConfigurePackageResult\",\"ssm:UpdateAssociationStatus\",\"ssm:UpdateInstanceAssociationStatus\",\"ssm:UpdateInstanceInformation\"],\"Effect\":\"Allow\",\"Resource\":\"*\"},{\"Action\":[\"ssmmessages:CreateControlChannel\",\"ssmmessages:CreateDataChannel\",\"ssmmessages:OpenControlChannel\",\"ssmmessages:OpenDataChannel\"],\"Effect\":\"Allow\",\"Resource\":\"*\"},{\"Action\":[\"ec2messages:AcknowledgeMessage\",\"ec2messages:DeleteMessage\",\"ec2messages:FailMessage\",\"ec2messages:GetEndpoint\",\"ec2messages:GetMessages\",\"ec2messages:SendReply\"],\"Effect\":\"Allow\",\"Resource\":\"*\"}],\"Version\":\"2012-10-17\"}",
            "policy_id": "ANPAIXSHM2BNB2D3AXXRU",
            "tags": {}
          },
          "sensitive_attributes": []
        }
      ]
    },
    {
      "module": "module.percona-server.module.instance_profile",
      "mode": "data",
      "type": "aws_iam_policy_document",
      "name": "assume",
      "provider": "provider[\"registry.terraform.io/hashicorp/aws\"]",
      "instances": [
        {
          "schema_version": 0,
          "attributes": {
            "id": "2851119427",
            "json": "{\n  \"Version\": \"2012-10-17\",\n  \"Statement\": [\n    {\n      \"Effect\": \"Allow\",\n      \"Action\": \"sts:AssumeRole\",\n      \"Principal\": {\n        \"Service\": \"ec2.amazonaws.com\"\n      }\n    }\n  ]\n}",
            "minified_json": "{\"Version\":\"2012-10-17\",\"Statement\":[{\"Effect\":\"Allow\",\"Action\":\"sts:AssumeRole\",\"Principal\":{\"Service\":\"ec2.amazonaws.com\"}}]}",
            "override_json": null,
            "override_policy_documents": null,
            "policy_id": null,
            "source_json": null,
            "source_policy_documents": null,
            "statement": [
              {
                "actions": [
                  "sts:AssumeRole"
                ],
                "condition": [],
                "effect": "Allow",
                "not_actions": [],
                "not_principals": [],
                "not_resources": [],
                "principals": [
                  {
                    "identifiers": [
                      "ec2.amazonaws.com"
                    ],
                    "type": "Service"
                  }
                ],
                "resources": [],
                "sid": ""
              }
            ],
            "version": "2012-10-17"
          },
          "sensitive_attributes": []
        }
      ]
    },
    {
      "module": "module.percona-server.module.instance_profile",
      "mode": "managed",
      "type": "aws_iam_instance_profile",
      "name": "profile",
      "provider": "provider[\"registry.terraform.io/hashicorp/aws\"]",
      "instances": [
        {
          "schema_version": 0,
          "attributes": {
            "arn": "arn:aws:iam::303467602807:instance-profile/percona-test-percona-profile",
            "create_date": "2026-01-18T14:55:57Z",
            "id": "percona-test-percona-profile",
            "name": "percona-test-percona-profile",
            "name_prefix": "",
            "path": "/",
            "role": "percona-test-percona-profile20260118145555589400000004",
            "tags": {
              "cluster_id": "test-percona",
              "created_by_module": "infrahouse/instance-profile/aws",
              "environment": "development"
            },
            "tags_all": {
              "cluster_id": "test-percona",
              "created_by": "infrahouse/terraform-aws-percona-server",
              "created_by_module": "infrahouse/instance-profile/aws",
              "environment": "development"
            },
            "unique_id": "AIPAUNKAUEN32O2OTDQH4"
          },
          "sensitive_attributes": [],
          "private": "bnVsbA==",
          "dependencies": [
            "module.percona-server.module.instance_profile.aws_iam_role.profile",
            "module.percona-server.module.instance_profile.data.aws_iam_policy_document.assume"
          ],
          "create_before_destroy": true
        }
      ]
    },
    {
      "module": "module.percona-server.module.instance_profile",
      "mode": "managed",
      "type": "aws_iam_policy",
      "name": "profile",
      "provider": "provider[\"registry.terraform.io/hashicorp/aws\"]",
      "instances": [
        {
          "schema_version": 0,
          "attributes": {
            "arn": "arn:aws:iam::303467602807:policy/percona-test-percona-profile20260118145634911700000009",
            "attachment_count": 0,
            "delay_after_policy_creation_in_ms": null,
            "description": "",
            "id": "arn:aws:iam::303467602807:policy/percona-test-percona-profile20260118145634911700000009",
            "name": "percona-test-percona-profile20260118145634911700000009",
            "name_prefix": "percona-test-percona-profile",
            "path": "/",
            "policy": "{\"Statement\":[{\"Action\":[\"dynamodb:UpdateItem\",\"dynamodb:Scan\",\"dynamodb:Query\",\"dynamodb:PutItem\",\"dynamodb:GetItem\",\"dynamodb:DeleteItem\"],\"Effect\":\"Allow\",\"Resource\":\"arn:aws:dynamodb:us-west-1:303467602807:table/percona-test-percona-locks\",\"Sid\":\"DynamoDB\"},{\"Action\":[\"s3:PutObject\",\"s3:ListBucket\",\"s3:GetObject\",\"s3:DeleteObject\"],\"Effect\":\"Allow\",\"Resource\":[\"arn:aws:s3:::percona-test-percona-backups-20260118145555593300000006/*\",\"arn:aws:s3:::percona-test-percona-backups-20260118145555593300000006\"],\"Sid\":\"S3\"},{\"Action\":[\"autoscaling:SetInstanceProtection\",\"autoscaling:DescribeAutoScalingInstances\"],\"Effect\":\"Allow\",\"Resource\":\"*\",\"Sid\":\"AutoScaling\"},{\"Action\":[\"elasticloadbalancing:RegisterTargets\",\"elasticloadbalancing:DescribeTargetHealth\",\"elasticloadbalancing:DeregisterTargets\"],\"Effect\":\"Allow\",\"Resource\":[\"arn:aws:elasticloadbalancing:us-west-1:303467602807:targetgroup/write-20260118145555588400000003/4780b2ed1906e7d2\",\"arn:aws:elasticloadbalancing:us-west-1:303467602807:targetgroup/read-20260118145555588400000002/3b701c41644cb3b9\"],\"Sid\":\"ELB\"},{\"Action\":[\"ec2:DescribeTags\",\"ec2:DescribeInstances\"],\"Effect\":\"Allow\",\"Resource\":\"*\",\"Sid\":\"EC2Describe\"}],\"Version\":\"2012-10-17\"}",
            "policy_id": "ANPAUNKAUEN33ESNAFWWK",
            "tags": {
              "cluster_id": "test-percona",
              "created_by_module": "infrahouse/instance-profile/aws",
              "environment": "development"
            },
            "tags_all": {
              "cluster_id": "test-percona",
              "created_by": "infrahouse/terraform-aws-percona-server",
              "created_by_module": "infrahouse/instance-profile/aws",
              "environment": "development"
            }
          },
          "sensitive_attributes": [],
          "private": "bnVsbA==",
          "dependencies": [
            "module.percona-server.aws_dynamodb_table.percona",
            "module.percona-server.aws_lb_target_group.read",
            "module.percona-server.aws_lb_target_group.write",
            "module.percona-server.data.aws_iam_policy_document.percona",
            "module.percona-server.data.aws_subnet.selected",
            "module.percona-server.data.aws_vpc.selected",
            "module.percona-server.module.backups.aws_s3_bucket.this"
          ],
          "create_before_destroy": true
        }
      ]
    },
    {
      "module": "module.percona-server.module.instance_profile",
      "mode": "managed",
      "type": "aws_iam_role",
      "name": "profile",
      "provider": "provider[\"registry.terraform.io/hashicorp/aws\"]",
      "instances": [
        {
          "schema_version": 0,
          "attributes": {
            "arn": "arn:aws:iam::303467602807:role/percona-test-percona-profile20260118145555589400000004",
            "assume_role_policy": "{\"Statement\":[{\"Action\":\"sts:AssumeRole\",\"Effect\":\"Allow\",\"Principal\":{\"Service\":\"ec2.amazonaws.com\"}}],\"Version\":\"2012-10-17\"}",
            "create_date": "2026-01-18T14:55:56Z",
            "description": "",
            "force_detach_policies": false,
            "id": "percona-test-percona-profile20260118145555589400000004",
            "inline_policy": [],
            "managed_policy_arns": [],
            "max_session_duration": 3600,
            "name": "percona-test-percona-profile20260118145555589400000004",
            "name_prefix": "percona-test-percona-profile",
            "path": "/",
            "permissions_boundary": "",
            "tags": {
              "cluster_id": "test-percona",
              "created_by_module": "infrahouse/instance-profile/aws",
              "environment": "development",
              "module_version": "1.9.0"
            },
            "tags_all": {
              "cluster_id": "test-percona",
              "created_by": "infrahouse/terraform-aws-percona-server",
              "created_by_module": "infrahouse/instance-profile/aws",
              "environment": "development",
              "module_version": "1.9.0"
            },
            "unique_id": "AROAUNKAUEN33BWPF3543"
          },
          "sensitive_attributes": [],
          "private": "bnVsbA==",
          "dependencies": [
            "module.percona-server.module.instance_profile.data.aws_iam_policy_document.assume"
          ],
          "create_before_destroy": true
        }
      ]
    },
    {
      "module": "module.percona-server.module.instance_profile",
      "mode": "managed",
      "type": "aws_iam_role_policy_attachment",
      "name": "profile",
      "provider": "provider[\"registry.terraform.io/hashicorp/aws\"]",
      "instances": [
        {
          "schema_version": 0,
          "attributes": {
            "id": "percona-test-percona-profile20260118145555589400000004/arn:aws:iam::303467602807:policy/percona-test-percona-profile20260118145634911700000009",
            "policy_arn": "arn:aws:iam::303467602807:policy/percona-test-percona-profile20260118145634911700000009",
            "role": "percona-test-percona-profile20260118145555589400000004"
          },
          "sensitive_attributes": [],
          "private": "bnVsbA==",
          "dependencies": [
            "module.percona-server.aws_dynamodb_table.percona",
            "module.percona-server.aws_lb_target_group.read",
            "module.percona-server.aws_lb_target_group.write",
            "module.percona-server.data.aws_iam_policy_document.percona",
            "module.percona-server.data.aws_subnet.selected",
            "module.percona-server.data.aws_vpc.selected",
            "module.percona-server.module.backups.aws_s3_bucket.this",
            "module.percona-server.module.instance_profile.aws_iam_policy.profile",
            "module.percona-server.module.instance_profile.aws_iam_role.profile",
            "module.percona-server.module.instance_profile.data.aws_iam_policy_document.assume"
          ],
          "create_before_destroy": true
        }
      ]
    },
    {
      "module": "module.percona-server.module.instance_profile",
      "mode": "managed",
      "type": "aws_iam_role_policy_attachment",
      "name": "ssm",
      "provider": "provider[\"registry.terraform.io/hashicorp/aws\"]",
      "instances": [
        {
          "index_key": 0,
          "schema_version": 0,
          "attributes": {
            "id": "percona-test-percona-profile20260118145555589400000004/arn:aws:iam::aws:policy/AmazonSSMManagedInstanceCore",
            "policy_arn": "arn:aws:iam::aws:policy/AmazonSSMManagedInstanceCore",
            "role": "percona-test-percona-profile20260118145555589400000004"
          },
          "sensitive_attributes": [],
          "private": "bnVsbA==",
          "dependencies": [
            "module.percona-server.module.instance_profile.aws_iam_role.profile",
            "module.percona-server.module.instance_profile.data.aws_iam_policy.ssm",
            "module.percona-server.module.instance_profile.data.aws_iam_policy_document.assume"
          ],
          "create_before_destroy": true
        }
      ]
    }
  ],
  "check_results": [
    {
      "object_kind": "var",
      "config_addr": "module.percona-server.var.root_volume_size",
      "status": "pass",
      "objects": [
        {
          "object_addr": "module.percona-server.var.root_volume_size",
          "status": "pass"
        }
      ]
    },
    {
      "object_kind": "var",
      "config_addr": "module.percona-server.module.backups.var.acl",
      "status": "unknown",
      "objects": [
        {
          "object_addr": "module.percona-server.module.backups.var.acl",
          "status": "unknown"
        }
      ]
    },
    {
      "object_kind": "var",
      "config_addr": "module.percona-server.var.instance_count",
      "status": "pass",
      "objects": [
        {
          "object_addr": "module.percona-server.var.instance_count",
          "status": "pass"
        }
      ]
    },
    {
      "object_kind": "check",
      "config_addr": "module.percona-server.module.backups.check.acl_ownership_compatibility",
      "status": "pass",
      "objects": [
        {
          "object_addr": "module.percona-server.module.backups.check.acl_ownership_compatibility",
          "status": "pass"
        }
      ]
    },
    {
      "object_kind": "var",
      "config_addr": "module.percona-server.module.backups.var.object_ownership",
      "status": "pass",
      "objects": [
        {
          "object_addr": "module.percona-server.module.backups.var.object_ownership",
          "status": "pass"
        }
      ]
    },
    {
      "object_kind": "var",
      "config_addr": "module.percona-server.var.ubuntu_codename",
      "status": "pass",
      "objects": [
        {
          "object_addr": "module.percona-server.var.ubuntu_codename",
          "status": "pass"
        }
      ]
    },
    {
      "object_kind": "var",
      "config_addr": "module.percona-server.var.cluster_id",
      "status": "pass",
      "objects": [
        {
          "object_addr": "module.percona-server.var.cluster_id",
          "status": "pass"
        }
      ]
    },
    {
      "object_kind": "var",
      "config_addr": "module.percona-server.var.subnet_ids",
      "status": "pass",
      "objects": [
        {
          "object_addr": "module.percona-server.var.subnet_ids",
          "status": "pass"
        }
      ]
    },
    {
      "object_kind": "var",
      "config_addr": "module.percona-server.var.backup_retention_weeks",
      "status": "pass",
      "objects": [
        {
          "object_addr": "module.percona-server.var.backup_retention_weeks",
          "status": "pass"
        }
      ]
    },
    {
      "object_kind": "var",
      "config_addr": "module.percona-server.var.environment",
      "status": "pass",
      "objects": [
        {
          "object_addr": "module.percona-server.var.environment",
          "status": "pass"
        }
      ]
    }
  ]
}
